// !$*UTF8*$!
{
	archiveVersion = 1;
	classes = {
	};
	objectVersion = 46;
	objects = {

/* Begin PBXBuildFile section */
		7A35FC871EB7095D00A1E8E4 /* AppDelegate.swift in Sources */ = {isa = PBXBuildFile; fileRef = 7A35FC861EB7095D00A1E8E4 /* AppDelegate.swift */; };
		7A35FC8C1EB7095D00A1E8E4 /* Main.storyboard in Resources */ = {isa = PBXBuildFile; fileRef = 7A35FC8A1EB7095D00A1E8E4 /* Main.storyboard */; };
		7A35FC911EB7095D00A1E8E4 /* Assets.xcassets in Resources */ = {isa = PBXBuildFile; fileRef = 7A35FC901EB7095D00A1E8E4 /* Assets.xcassets */; };
		7A35FC941EB7095D00A1E8E4 /* LaunchScreen.storyboard in Resources */ = {isa = PBXBuildFile; fileRef = 7A35FC921EB7095D00A1E8E4 /* LaunchScreen.storyboard */; };
		7A35FC9C1EB70CB400A1E8E4 /* MoneyTableViewController.swift in Sources */ = {isa = PBXBuildFile; fileRef = 7A35FC9B1EB70CB400A1E8E4 /* MoneyTableViewController.swift */; };
		7A35FC9E1EB70CDB00A1E8E4 /* MoneyTableViewCell.swift in Sources */ = {isa = PBXBuildFile; fileRef = 7A35FC9D1EB70CDB00A1E8E4 /* MoneyTableViewCell.swift */; };
		7A35FCA01EB7C47400A1E8E4 /* triangle-red.png in Resources */ = {isa = PBXBuildFile; fileRef = 7A35FC9F1EB7C47400A1E8E4 /* triangle-red.png */; };
		7A35FCA21EB7C47900A1E8E4 /* triangle_green.png in Resources */ = {isa = PBXBuildFile; fileRef = 7A35FCA11EB7C47900A1E8E4 /* triangle_green.png */; };
		7A35FCA61EB7C7ED00A1E8E4 /* 1120.jpg in Resources */ = {isa = PBXBuildFile; fileRef = 7A35FCA51EB7C7ED00A1E8E4 /* 1120.jpg */; };
		7A35FCC01EB9C7BE00A1E8E4 /* DetailViewController.swift in Sources */ = {isa = PBXBuildFile; fileRef = 7A35FCBF1EB9C7BE00A1E8E4 /* DetailViewController.swift */; };
/* End PBXBuildFile section */

/* Begin PBXFileReference section */
		7A35FC831EB7095D00A1E8E4 /* CBRF.app */ = {isa = PBXFileReference; explicitFileType = wrapper.application; includeInIndex = 0; path = CBRF.app; sourceTree = BUILT_PRODUCTS_DIR; };
		7A35FC861EB7095D00A1E8E4 /* AppDelegate.swift */ = {isa = PBXFileReference; lastKnownFileType = sourcecode.swift; path = AppDelegate.swift; sourceTree = "<group>"; };
		7A35FC8B1EB7095D00A1E8E4 /* Base */ = {isa = PBXFileReference; lastKnownFileType = file.storyboard; name = Base; path = Base.lproj/Main.storyboard; sourceTree = "<group>"; };
		7A35FC901EB7095D00A1E8E4 /* Assets.xcassets */ = {isa = PBXFileReference; lastKnownFileType = folder.assetcatalog; path = Assets.xcassets; sourceTree = "<group>"; };
		7A35FC931EB7095D00A1E8E4 /* Base */ = {isa = PBXFileReference; lastKnownFileType = file.storyboard; name = Base; path = Base.lproj/LaunchScreen.storyboard; sourceTree = "<group>"; };
		7A35FC951EB7095D00A1E8E4 /* Info.plist */ = {isa = PBXFileReference; lastKnownFileType = text.plist.xml; path = Info.plist; sourceTree = "<group>"; };
		7A35FC9B1EB70CB400A1E8E4 /* MoneyTableViewController.swift */ = {isa = PBXFileReference; fileEncoding = 4; lastKnownFileType = sourcecode.swift; path = MoneyTableViewController.swift; sourceTree = "<group>"; };
		7A35FC9D1EB70CDB00A1E8E4 /* MoneyTableViewCell.swift */ = {isa = PBXFileReference; fileEncoding = 4; lastKnownFileType = sourcecode.swift; path = MoneyTableViewCell.swift; sourceTree = "<group>"; };
		7A35FC9F1EB7C47400A1E8E4 /* triangle-red.png */ = {isa = PBXFileReference; lastKnownFileType = image.png; path = "triangle-red.png"; sourceTree = "<group>"; };
		7A35FCA11EB7C47900A1E8E4 /* triangle_green.png */ = {isa = PBXFileReference; lastKnownFileType = image.png; path = triangle_green.png; sourceTree = "<group>"; };
		7A35FCA51EB7C7ED00A1E8E4 /* 1120.jpg */ = {isa = PBXFileReference; lastKnownFileType = image.jpeg; path = 1120.jpg; sourceTree = "<group>"; };
		7A35FCBF1EB9C7BE00A1E8E4 /* DetailViewController.swift */ = {isa = PBXFileReference; fileEncoding = 4; lastKnownFileType = sourcecode.swift; path = DetailViewController.swift; sourceTree = "<group>"; };
/* End PBXFileReference section */

/* Begin PBXFrameworksBuildPhase section */
		7A35FC801EB7095D00A1E8E4 /* Frameworks */ = {
			isa = PBXFrameworksBuildPhase;
			buildActionMask = 2147483647;
			files = (
			);
			runOnlyForDeploymentPostprocessing = 0;
		};
/* End PBXFrameworksBuildPhase section */

/* Begin PBXGroup section */
		7A35FC7A1EB7095D00A1E8E4 = {
			isa = PBXGroup;
			children = (
				7A35FC851EB7095D00A1E8E4 /* CBRF */,
				7A35FC841EB7095D00A1E8E4 /* Products */,
				7A35FCA41EB7C49900A1E8E4 /* images */,
			);
			sourceTree = "<group>";
		};
		7A35FC841EB7095D00A1E8E4 /* Products */ = {
			isa = PBXGroup;
			children = (
				7A35FC831EB7095D00A1E8E4 /* CBRF.app */,
			);
			name = Products;
			sourceTree = "<group>";
		};
		7A35FC851EB7095D00A1E8E4 /* CBRF */ = {
			isa = PBXGroup;
			children = (
				7A35FC861EB7095D00A1E8E4 /* AppDelegate.swift */,
				7A35FC8A1EB7095D00A1E8E4 /* Main.storyboard */,
				7A35FCBF1EB9C7BE00A1E8E4 /* DetailViewController.swift */,
				7A35FC9B1EB70CB400A1E8E4 /* MoneyTableViewController.swift */,
				7A35FC9D1EB70CDB00A1E8E4 /* MoneyTableViewCell.swift */,
				7A35FC901EB7095D00A1E8E4 /* Assets.xcassets */,
				7A35FC921EB7095D00A1E8E4 /* LaunchScreen.storyboard */,
				7A35FC951EB7095D00A1E8E4 /* Info.plist */,
			);
			path = CBRF;
			sourceTree = "<group>";
		};
		7A35FCA41EB7C49900A1E8E4 /* images */ = {
			isa = PBXGroup;
			children = (
				7A35FC9F1EB7C47400A1E8E4 /* triangle-red.png */,
				7A35FCA11EB7C47900A1E8E4 /* triangle_green.png */,
				7A35FCA51EB7C7ED00A1E8E4 /* 1120.jpg */,
			);
			name = images;
			sourceTree = "<group>";
		};
/* End PBXGroup section */

/* Begin PBXNativeTarget section */
		7A35FC821EB7095D00A1E8E4 /* CBRF */ = {
			isa = PBXNativeTarget;
			buildConfigurationList = 7A35FC981EB7095D00A1E8E4 /* Build configuration list for PBXNativeTarget "CBRF" */;
			buildPhases = (
				7A35FC7F1EB7095D00A1E8E4 /* Sources */,
				7A35FC801EB7095D00A1E8E4 /* Frameworks */,
				7A35FC811EB7095D00A1E8E4 /* Resources */,
			);
			buildRules = (
			);
			dependencies = (
			);
			name = CBRF;
			productName = CBRF;
			productReference = 7A35FC831EB7095D00A1E8E4 /* CBRF.app */;
			productType = "com.apple.product-type.application";
		};
/* End PBXNativeTarget section */

/* Begin PBXProject section */
		7A35FC7B1EB7095D00A1E8E4 /* Project object */ = {
			isa = PBXProject;
			attributes = {
				LastSwiftUpdateCheck = 0830;
				LastUpgradeCheck = 0830;
				ORGANIZATIONNAME = "Andrey Kiselev";
				TargetAttributes = {
					7A35FC821EB7095D00A1E8E4 = {
						CreatedOnToolsVersion = 8.3;
						DevelopmentTeam = AYET4MLHRT;
						ProvisioningStyle = Automatic;
					};
				};
			};
			buildConfigurationList = 7A35FC7E1EB7095D00A1E8E4 /* Build configuration list for PBXProject "CBRF" */;
			compatibilityVersion = "Xcode 3.2";
			developmentRegion = English;
			hasScannedForEncodings = 0;
			knownRegions = (
				en,
				Base,
			);
			mainGroup = 7A35FC7A1EB7095D00A1E8E4;
			productRefGroup = 7A35FC841EB7095D00A1E8E4 /* Products */;
			projectDirPath = "";
			projectRoot = "";
			targets = (
				7A35FC821EB7095D00A1E8E4 /* CBRF */,
			);
		};
/* End PBXProject section */

/* Begin PBXResourcesBuildPhase section */
		7A35FC811EB7095D00A1E8E4 /* Resources */ = {
			isa = PBXResourcesBuildPhase;
			buildActionMask = 2147483647;
			files = (
				7A35FCA01EB7C47400A1E8E4 /* triangle-red.png in Resources */,
				7A35FC941EB7095D00A1E8E4 /* LaunchScreen.storyboard in Resources */,
				7A35FC911EB7095D00A1E8E4 /* Assets.xcassets in Resources */,
				7A35FCA21EB7C47900A1E8E4 /* triangle_green.png in Resources */,
				7A35FC8C1EB7095D00A1E8E4 /* Main.storyboard in Resources */,
				7A35FCA61EB7C7ED00A1E8E4 /* 1120.jpg in Resources */,
			);
			runOnlyForDeploymentPostprocessing = 0;
		};
/* End PBXResourcesBuildPhase section */

/* Begin PBXSourcesBuildPhase section */
		7A35FC7F1EB7095D00A1E8E4 /* Sources */ = {
			isa = PBXSourcesBuildPhase;
			buildActionMask = 2147483647;
			files = (
				7A35FC9C1EB70CB400A1E8E4 /* MoneyTableViewController.swift in Sources */,
				7A35FC9E1EB70CDB00A1E8E4 /* MoneyTableViewCell.swift in Sources */,
				7A35FC871EB7095D00A1E8E4 /* AppDelegate.swift in Sources */,
				7A35FCC01EB9C7BE00A1E8E4 /* DetailViewController.swift in Sources */,
			);
			runOnlyForDeploymentPostprocessing = 0;
		};
/* End PBXSourcesBuildPhase section */

/* Begin PBXVariantGroup section */
		7A35FC8A1EB7095D00A1E8E4 /* Main.storyboard */ = {
			isa = PBXVariantGroup;
			children = (
				7A35FC8B1EB7095D00A1E8E4 /* Base */,
			);
			name = Main.storyboard;
			sourceTree = "<group>";
		};
		7A35FC921EB7095D00A1E8E4 /* LaunchScreen.storyboard */ = {
			isa = PBXVariantGroup;
			children = (
				7A35FC931EB7095D00A1E8E4 /* Base */,
			);
			name = LaunchScreen.storyboard;
			sourceTree = "<group>";
		};
/* End PBXVariantGroup section */

/* Begin XCBuildConfiguration section */
		7A35FC961EB7095D00A1E8E4 /* Debug */ = {
			isa = XCBuildConfiguration;
			buildSettings = {
				ALWAYS_SEARCH_USER_PATHS = NO;
				CLANG_ANALYZER_NONNULL = YES;
				CLANG_ANALYZER_NUMBER_OBJECT_CONVERSION = YES_AGGRESSIVE;
				CLANG_CXX_LANGUAGE_STANDARD = "gnu++0x";
				CLANG_CXX_LIBRARY = "libc++";
				CLANG_ENABLE_MODULES = YES;
				CLANG_ENABLE_OBJC_ARC = YES;
				CLANG_WARN_BOOL_CONVERSION = YES;
				CLANG_WARN_CONSTANT_CONVERSION = YES;
				CLANG_WARN_DIRECT_OBJC_ISA_USAGE = YES_ERROR;
				CLANG_WARN_DOCUMENTATION_COMMENTS = YES;
				CLANG_WARN_EMPTY_BODY = YES;
				CLANG_WARN_ENUM_CONVERSION = YES;
				CLANG_WARN_INFINITE_RECURSION = YES;
				CLANG_WARN_INT_CONVERSION = YES;
				CLANG_WARN_OBJC_ROOT_CLASS = YES_ERROR;
				CLANG_WARN_SUSPICIOUS_MOVE = YES;
				CLANG_WARN_UNREACHABLE_CODE = YES;
				CLANG_WARN__DUPLICATE_METHOD_MATCH = YES;
				"CODE_SIGN_IDENTITY[sdk=iphoneos*]" = "iPhone Developer";
				COPY_PHASE_STRIP = NO;
				DEBUG_INFORMATION_FORMAT = dwarf;
				ENABLE_STRICT_OBJC_MSGSEND = YES;
				ENABLE_TESTABILITY = YES;
				GCC_C_LANGUAGE_STANDARD = gnu99;
				GCC_DYNAMIC_NO_PIC = NO;
				GCC_NO_COMMON_BLOCKS = YES;
				GCC_OPTIMIZATION_LEVEL = 0;
				GCC_PREPROCESSOR_DEFINITIONS = (
					"DEBUG=1",
					"$(inherited)",
				);
				GCC_WARN_64_TO_32_BIT_CONVERSION = YES;
				GCC_WARN_ABOUT_RETURN_TYPE = YES_ERROR;
				GCC_WARN_UNDECLARED_SELECTOR = YES;
				GCC_WARN_UNINITIALIZED_AUTOS = YES_AGGRESSIVE;
				GCC_WARN_UNUSED_FUNCTION = YES;
				GCC_WARN_UNUSED_VARIABLE = YES;
				IPHONEOS_DEPLOYMENT_TARGET = 10.0;
				MTL_ENABLE_DEBUG_INFO = YES;
				ONLY_ACTIVE_ARCH = YES;
				SDKROOT = iphoneos;
				SWIFT_ACTIVE_COMPILATION_CONDITIONS = DEBUG;
				SWIFT_OPTIMIZATION_LEVEL = "-Onone";
			};
			name = Debug;
		};
		7A35FC971EB7095D00A1E8E4 /* Release */ = {
			isa = XCBuildConfiguration;
			buildSettings = {
				ALWAYS_SEARCH_USER_PATHS = NO;
				CLANG_ANALYZER_NONNULL = YES;
				CLANG_ANALYZER_NUMBER_OBJECT_CONVERSION = YES_AGGRESSIVE;
				CLANG_CXX_LANGUAGE_STANDARD = "gnu++0x";
				CLANG_CXX_LIBRARY = "libc++";
				CLANG_ENABLE_MODULES = YES;
				CLANG_ENABLE_OBJC_ARC = YES;
				CLANG_WARN_BOOL_CONVERSION = YES;
				CLANG_WARN_CONSTANT_CONVERSION = YES;
				CLANG_WARN_DIRECT_OBJC_ISA_USAGE = YES_ERROR;
				CLANG_WARN_DOCUMENTATION_COMMENTS = YES;
				CLANG_WARN_EMPTY_BODY = YES;
				CLANG_WARN_ENUM_CONVERSION = YES;
				CLANG_WARN_INFINITE_RECURSION = YES;
				CLANG_WARN_INT_CONVERSION = YES;
				CLANG_WARN_OBJC_ROOT_CLASS = YES_ERROR;
				CLANG_WARN_SUSPICIOUS_MOVE = YES;
				CLANG_WARN_UNREACHABLE_CODE = YES;
				CLANG_WARN__DUPLICATE_METHOD_MATCH = YES;
				"CODE_SIGN_IDENTITY[sdk=iphoneos*]" = "iPhone Developer";
				COPY_PHASE_STRIP = NO;
				DEBUG_INFORMATION_FORMAT = "dwarf-with-dsym";
				ENABLE_NS_ASSERTIONS = NO;
				ENABLE_STRICT_OBJC_MSGSEND = YES;
				GCC_C_LANGUAGE_STANDARD = gnu99;
				GCC_NO_COMMON_BLOCKS = YES;
				GCC_WARN_64_TO_32_BIT_CONVERSION = YES;
				GCC_WARN_ABOUT_RETURN_TYPE = YES_ERROR;
				GCC_WARN_UNDECLARED_SELECTOR = YES;
				GCC_WARN_UNINITIALIZED_AUTOS = YES_AGGRESSIVE;
				GCC_WARN_UNUSED_FUNCTION = YES;
				GCC_WARN_UNUSED_VARIABLE = YES;
				IPHONEOS_DEPLOYMENT_TARGET = 10.0;
				MTL_ENABLE_DEBUG_INFO = NO;
				SDKROOT = iphoneos;
				SWIFT_OPTIMIZATION_LEVEL = "-Owholemodule";
				VALIDATE_PRODUCT = YES;
			};
			name = Release;
		};
		7A35FC991EB7095D00A1E8E4 /* Debug */ = {
			isa = XCBuildConfiguration;
			buildSettings = {
				ASSETCATALOG_COMPILER_APPICON_NAME = AppIcon;
				DEVELOPMENT_TEAM = AYET4MLHRT;
				INFOPLIST_FILE = CBRF/Info.plist;
				IPHONEOS_DEPLOYMENT_TARGET = 10.0;
				LD_RUNPATH_SEARCH_PATHS = "$(inherited) @executable_path/Frameworks";
				PRODUCT_BUNDLE_IDENTIFIER = com.akidisapp.CBRF;
				PRODUCT_NAME = "$(TARGET_NAME)";
				SWIFT_VERSION = 3.0;
			};
			name = Debug;
		};
		7A35FC9A1EB7095D00A1E8E4 /* Release */ = {
			isa = XCBuildConfiguration;
			buildSettings = {
				ASSETCATALOG_COMPILER_APPICON_NAME = AppIcon;
				DEVELOPMENT_TEAM = AYET4MLHRT;
				INFOPLIST_FILE = CBRF/Info.plist;
				IPHONEOS_DEPLOYMENT_TARGET = 10.0;
				LD_RUNPATH_SEARCH_PATHS = "$(inherited) @executable_path/Frameworks";
				PRODUCT_BUNDLE_IDENTIFIER = com.akidisapp.CBRF;
				PRODUCT_NAME = "$(TARGET_NAME)";
				SWIFT_VERSION = 3.0;
			};
			name = Release;
		};
/* End XCBuildConfiguration section */

/* Begin XCConfigurationList section */
		7A35FC7E1EB7095D00A1E8E4 /* Build configuration list for PBXProject "CBRF" */ = {
			isa = XCConfigurationList;
			buildConfigurations = (
				7A35FC961EB7095D00A1E8E4 /* Debug */,
				7A35FC971EB7095D00A1E8E4 /* Release */,
			);
			defaultConfigurationIsVisible = 0;
			defaultConfigurationName = Release;
		};
		7A35FC981EB7095D00A1E8E4 /* Build configuration list for PBXNativeTarget "CBRF" */ = {
			isa = XCConfigurationList;
			buildConfigurations = (
				7A35FC991EB7095D00A1E8E4 /* Debug */,
				7A35FC9A1EB7095D00A1E8E4 /* Release */,
			);
			defaultConfigurationIsVisible = 0;
		};
/* End XCConfigurationList section */
	};
	rootObject = 7A35FC7B1EB7095D00A1E8E4 /* Project object */;
}
